
Microsoft Visual Studio Solution File, Format Version 12.00
# Visual Studio Version 17
VisualStudioVersion = 17.5.33424.131
MinimumVisualStudioVersion = 10.0.40219.1
Project("{FAE04EC0-301F-11D3-BF4B-00C04F79EFBC}") = "VTask", "VTask\VTask.csproj", "{B3963B34-F32D-450C-837B-A3968CD61E0C}"
EndProject
Global
	GlobalSection(SolutionConfigurationPlatforms) = preSolution
		Debug|Any CPU = Debug|Any CPU
		Release|Any CPU = Release|Any CPU
	EndGlobalSection
	GlobalSection(ProjectConfigurationPlatforms) = postSolution
		{B3963B34-F32D-450C-837B-A3968CD61E0C}.Debug|Any CPU.ActiveCfg = Debug|Any CPU
		{B3963B34-F32D-450C-837B-A3968CD61E0C}.Debug|Any CPU.Build.0 = Debug|Any CPU
		{B3963B34-F32D-450C-837B-A3968CD61E0C}.Release|Any CPU.ActiveCfg = Release|Any CPU
		{B3963B34-F32D-450C-837B-A3968CD61E0C}.Release|Any CPU.Build.0 = Release|Any CPU
	EndGlobalSection
	GlobalSection(SolutionProperties) = preSolution
		HideSolutionNode = FALSE
	EndGlobalSection
	GlobalSection(ExtensibilityGlobals) = postSolution
		SolutionGuid = {2721EB2A-ECB5-4CB5-8BAC-5F0AC3C2E52E}
	EndGlobalSection
EndGlobal
